
Microsoft Visual Studio Solution File, Format Version 12.00
# Visual Studio Version 17
VisualStudioVersion = 17.14.36203.30 d17.14
MinimumVisualStudioVersion = 10.0.40219.1
Project("{FAE04EC0-301F-11D3-BF4B-00C04F79EFBC}") = "MsgClientUI", "MsgClientUI.csproj", "{4ACDC272-DD91-46C3-88E0-6143F2C41A96}"
EndProject
Global
	GlobalSection(SolutionConfigurationPlatforms) = preSolution
		Debug|Any CPU = Debug|Any CPU
		Release|Any CPU = Release|Any CPU
	EndGlobalSection
	GlobalSection(ProjectConfigurationPlatforms) = postSolution
		{4ACDC272-DD91-46C3-88E0-6143F2C41A96}.Debug|Any CPU.ActiveCfg = Debug|Any CPU
		{4ACDC272-DD91-46C3-88E0-6143F2C41A96}.Debug|Any CPU.Build.0 = Debug|Any CPU
		{4ACDC272-DD91-46C3-88E0-6143F2C41A96}.Release|Any CPU.ActiveCfg = Release|Any CPU
		{4ACDC272-DD91-46C3-88E0-6143F2C41A96}.Release|Any CPU.Build.0 = Release|Any CPU
	EndGlobalSection
	GlobalSection(SolutionProperties) = preSolution
		HideSolutionNode = FALSE
	EndGlobalSection
	GlobalSection(ExtensibilityGlobals) = postSolution
		SolutionGuid = {80AF2780-8D7C-46B1-9C9A-4EA6897EE620}
	EndGlobalSection
EndGlobal
